{
  "nodes": {
    "crane": {
      "locked": {
        "lastModified": 1788310914,
        "narHash": "sha256-B2vIgrwKQd2hFdSgzF2fvqqkzIkJtBlUGc85cKZh0e4=",
        "owner": "ipetkov",
        "repo": "crane",
        "rev": "d852f62f060ef43937a78d409f63625c82b25af3",
        "type": "github"
      },
      "original": {
        "owner": "ipetkov",
        "repo": "crane",
        "type": "github"
      }
    },
    "flake-utils": {
      "inputs": {
        "systems": "systems"
      },
      "locked": {
        "lastModified": 1731533236,
        "narHash": "sha256-l0KFg5HjrsfsO/JpG+r7fRrqm12kzFHyUHqHCVpMMbI=",
        "owner": "numtide",
        "repo": "flake-utils",
        "rev": "11707dc2f618dd54ca8739b309ec4fc024de578b",
        "type": "github"
      },
      "original": {
        "owner": "numtide",
        "repo": "flake-utils",
        "type": "github"
      }
    },
    "nixpkgs": {
      "locked": {
        "lastModified": 1788297115,
        "narHash": "sha256-Z+vUNbfd2FIKkWOTkcT7RYlh3oFCnig/d2eXD1SWf2E=",
        "owner": "NixOS",
        "repo": "nixpkgs",
        "rev": "a3116115851d68b8952a2a4221cc25a84e56b532",
        "type": "github"
      },
      "original": {
        "owner": "NixOS",
        "ref": "nixos-26.05",
        "repo": "nixpkgs",
        "type": "github"
      }
    },
    "nixpkgs-darwin": {
      "locked": {
        "lastModified": 1788334797,
        "narHash": "sha256-nskSa8kDimM7F0VFSP8IdoSNo4G0vKzOtxwvOFpoGDI=",
        "owner": "NixOS",
        "repo": "nixpkgs",
        "rev": "c19db427a1fdfc7591c0b0baeb4665dcef2c61da",
        "type": "github"
      },
      "original": {
        "owner": "NixOS",
        "ref": "nixpkgs-26.05-darwin",
        "repo": "nixpkgs",
        "type": "github"
      }
    },
    "nixpkgs_2": {
      "locked": {
        "lastModified": 1744536153,
        "narHash": "sha256-awS2zRgF4uTwrOKwwiJcByDzDOdo3Q1rPZbiHQg/N38=",
        "owner": "NixOS",
        "repo": "nixpkgs",
        "rev": "18dd725c29603f582cf1900e0d25f9f1063dbf11",
        "type": "github"
      },
      "original": {
        "owner": "NixOS",
        "ref": "nixpkgs-unstable",
        "repo": "nixpkgs",
        "type": "github"
      }
    },
    "root": {
      "inputs": {
        "crane": "crane",
        "flake-utils": "flake-utils",
        "nixpkgs": "nixpkgs",
        "nixpkgs-darwin": "nixpkgs-darwin",
        "rust-overlay": "rust-overlay"
      }
    },
    "rust-overlay": {
      "inputs": {
        "nixpkgs": "nixpkgs_2"
      },
      "locked": {
        "lastModified": 1788332415,
        "narHash": "sha256-BTFrmyh0oaVDsvA9NNw0YpbbeppTwU0t70iVx672Ew8=",
        "owner": "oxalica",
        "repo": "rust-overlay",
        "rev": "860d7c835ab91bfc8972b67092f5f2db8e9390a0",
        "type": "github"
      },
      "original": {
        "owner": "oxalica",
        "repo": "rust-overlay",
        "type": "github"
      }
    },
    "systems": {
      "locked": {
        "lastModified": 1681028828,
        "narHash": "sha256-Vy1rq5AaRuLzOxct8nz4T6wlgyUR7zLU309k9mBC768=",
        "owner": "nix-systems",
        "repo": "default",
        "rev": "da67096a3b9bf56a91d16901293e51ba5b49a27e",
        "type": "github"
      },
      "original": {
        "owner": "nix-systems",
        "repo": "default",
        "type": "github"
      }
    }
  },
  "root": "root",
  "version": 7
}
